
Microsoft Visual Studio Solution File, Format Version 12.00
# Visual Studio Version 16
VisualStudioVersion = 16.0.30114.105
MinimumVisualStudioVersion = 10.0.40219.1
Project("{2150E333-8FDC-42A3-9474-1A3956D46DE8}") = "src", "src", "{6D006896-F214-4420-9743-290055A2CB72}"
EndProject
Project("{FAE04EC0-301F-11D3-BF4B-00C04F79EFBC}") = "FhirParametersGenerator", "src\FhirParametersGenerator\FhirParametersGenerator.csproj", "{0A404604-9CBA-4B8B-A952-AE9F228F36C8}"
EndProject
Project("{FAE04EC0-301F-11D3-BF4B-00C04F79EFBC}") = "FhirParametersGenerator.Demo", "src\FhirParametersGenerator.Demo\FhirParametersGenerator.Demo.csproj", "{C9A44C27-F087-4F76-A613-32BD16FBF5DB}"
EndProject
Project("{FAE04EC0-301F-11D3-BF4B-00C04F79EFBC}") = "FhirParametersGenerator.Tests", "src\FhirParametersGenerator.Tests\FhirParametersGenerator.Tests.csproj", "{A318841A-7C18-4DA1-ACCE-0154B4B692DC}"
EndProject
Project("{FAE04EC0-301F-11D3-BF4B-00C04F79EFBC}") = "FhirParametersGenerator.Attributes", "src\FhirParametersGenerator.Attributes\FhirParametersGenerator.Attributes.csproj", "{886D73E3-73FE-49B6-A53C-F40EC3E42928}"
EndProject
Project("{FAE04EC0-301F-11D3-BF4B-00C04F79EFBC}") = "FhirParametersGenerator.Benchmark", "src\FhirParametersGenerator.Benchmark\FhirParametersGenerator.Benchmark.csproj", "{66CA6131-D91F-422A-9178-9721B57DAD8E}"
EndProject
Project("{FAE04EC0-301F-11D3-BF4B-00C04F79EFBC}") = "FhirOperationDefinitionGen", "src\FhirOperationDefinitionGen\FhirOperationDefinitionGen.csproj", "{356CC961-CE9A-4E17-A330-3EE544BB4477}"
EndProject
Project("{FAE04EC0-301F-11D3-BF4B-00C04F79EFBC}") = "FhirOperationDefinitionGen.Tests", "src\FhirOperationDefinitionGen.Tests\FhirOperationDefinitionGen.Tests.csproj", "{C37C0B5A-DBDE-4DE2-92CE-9EFA362C2CB5}"
EndProject
Global
	GlobalSection(SolutionConfigurationPlatforms) = preSolution
		Debug|Any CPU = Debug|Any CPU
		Release|Any CPU = Release|Any CPU
	EndGlobalSection
	GlobalSection(SolutionProperties) = preSolution
		HideSolutionNode = FALSE
	EndGlobalSection
	GlobalSection(ProjectConfigurationPlatforms) = postSolution
		{0A404604-9CBA-4B8B-A952-AE9F228F36C8}.Debug|Any CPU.ActiveCfg = Debug|Any CPU
		{0A404604-9CBA-4B8B-A952-AE9F228F36C8}.Debug|Any CPU.Build.0 = Debug|Any CPU
		{0A404604-9CBA-4B8B-A952-AE9F228F36C8}.Release|Any CPU.ActiveCfg = Release|Any CPU
		{0A404604-9CBA-4B8B-A952-AE9F228F36C8}.Release|Any CPU.Build.0 = Release|Any CPU
		{C9A44C27-F087-4F76-A613-32BD16FBF5DB}.Debug|Any CPU.ActiveCfg = Debug|Any CPU
		{C9A44C27-F087-4F76-A613-32BD16FBF5DB}.Debug|Any CPU.Build.0 = Debug|Any CPU
		{C9A44C27-F087-4F76-A613-32BD16FBF5DB}.Release|Any CPU.ActiveCfg = Release|Any CPU
		{C9A44C27-F087-4F76-A613-32BD16FBF5DB}.Release|Any CPU.Build.0 = Release|Any CPU
		{A318841A-7C18-4DA1-ACCE-0154B4B692DC}.Debug|Any CPU.ActiveCfg = Debug|Any CPU
		{A318841A-7C18-4DA1-ACCE-0154B4B692DC}.Debug|Any CPU.Build.0 = Debug|Any CPU
		{A318841A-7C18-4DA1-ACCE-0154B4B692DC}.Release|Any CPU.ActiveCfg = Release|Any CPU
		{A318841A-7C18-4DA1-ACCE-0154B4B692DC}.Release|Any CPU.Build.0 = Release|Any CPU
		{886D73E3-73FE-49B6-A53C-F40EC3E42928}.Debug|Any CPU.ActiveCfg = Debug|Any CPU
		{886D73E3-73FE-49B6-A53C-F40EC3E42928}.Debug|Any CPU.Build.0 = Debug|Any CPU
		{886D73E3-73FE-49B6-A53C-F40EC3E42928}.Release|Any CPU.ActiveCfg = Release|Any CPU
		{886D73E3-73FE-49B6-A53C-F40EC3E42928}.Release|Any CPU.Build.0 = Release|Any CPU
		{66CA6131-D91F-422A-9178-9721B57DAD8E}.Debug|Any CPU.ActiveCfg = Debug|Any CPU
		{66CA6131-D91F-422A-9178-9721B57DAD8E}.Debug|Any CPU.Build.0 = Debug|Any CPU
		{66CA6131-D91F-422A-9178-9721B57DAD8E}.Release|Any CPU.ActiveCfg = Release|Any CPU
		{66CA6131-D91F-422A-9178-9721B57DAD8E}.Release|Any CPU.Build.0 = Release|Any CPU
		{356CC961-CE9A-4E17-A330-3EE544BB4477}.Debug|Any CPU.ActiveCfg = Debug|Any CPU
		{356CC961-CE9A-4E17-A330-3EE544BB4477}.Debug|Any CPU.Build.0 = Debug|Any CPU
		{356CC961-CE9A-4E17-A330-3EE544BB4477}.Release|Any CPU.ActiveCfg = Release|Any CPU
		{356CC961-CE9A-4E17-A330-3EE544BB4477}.Release|Any CPU.Build.0 = Release|Any CPU
		{C37C0B5A-DBDE-4DE2-92CE-9EFA362C2CB5}.Debug|Any CPU.ActiveCfg = Debug|Any CPU
		{C37C0B5A-DBDE-4DE2-92CE-9EFA362C2CB5}.Debug|Any CPU.Build.0 = Debug|Any CPU
		{C37C0B5A-DBDE-4DE2-92CE-9EFA362C2CB5}.Release|Any CPU.ActiveCfg = Release|Any CPU
		{C37C0B5A-DBDE-4DE2-92CE-9EFA362C2CB5}.Release|Any CPU.Build.0 = Release|Any CPU
	EndGlobalSection
	GlobalSection(NestedProjects) = preSolution
		{0A404604-9CBA-4B8B-A952-AE9F228F36C8} = {6D006896-F214-4420-9743-290055A2CB72}
		{C9A44C27-F087-4F76-A613-32BD16FBF5DB} = {6D006896-F214-4420-9743-290055A2CB72}
		{A318841A-7C18-4DA1-ACCE-0154B4B692DC} = {6D006896-F214-4420-9743-290055A2CB72}
		{886D73E3-73FE-49B6-A53C-F40EC3E42928} = {6D006896-F214-4420-9743-290055A2CB72}
		{66CA6131-D91F-422A-9178-9721B57DAD8E} = {6D006896-F214-4420-9743-290055A2CB72}
		{356CC961-CE9A-4E17-A330-3EE544BB4477} = {6D006896-F214-4420-9743-290055A2CB72}
		{C37C0B5A-DBDE-4DE2-92CE-9EFA362C2CB5} = {6D006896-F214-4420-9743-290055A2CB72}
	EndGlobalSection
EndGlobal
