{
  "version": 1,
  "dependencies": {
    "net10.0": {
      "Hl7.Fhir.R4": {
        "type": "Direct",
        "requested": "[5.13.4, )",
        "resolved": "5.13.4",
        "contentHash": "Nxw/zPtaVhAwpvyKnnvrQljUAL4BQ3HQ/VExDk9baLoIVvmBtmqiynEqYlyFt5kgM9umV8eWy/Tqn3J/cyOH4g==",
        "dependencies": {
          "Hl7.Fhir.Conformance": "5.13.4"
        }
      },
      "Microsoft.SourceLink.GitHub": {
        "type": "Direct",
        "requested": "[10.0.301, )",
        "resolved": "10.0.301",
        "contentHash": "S9U9Ye2bylMeDkzdNh+TsbRUNr6rkBORrnXDk45maPIxVvTmHV1SN2/qtZ/6yO7cdWmQv1LHv77yIeG6Q3nvMQ==",
        "dependencies": {
          "Microsoft.Build.Tasks.Git": "10.0.301",
          "Microsoft.SourceLink.Common": "10.0.301",
          "System.IO.Hashing": "10.0.10"
        }
      },
      "Fhir.Metrics": {
        "type": "Transitive",
        "resolved": "1.3.1",
        "contentHash": "pCC0/KT4xe7vvJ0UD9u8CTBQOoIqMBl01du0UvK95i1A6smPb32gdmwSJvtx+KV7jQwkIMeKblkH8M3d9iw7fg=="
      },
      "Hl7.Fhir.Base": {
        "type": "Transitive",
        "resolved": "5.13.4",
        "contentHash": "UXeWvf7gQdpViZZm21yfqI5e+Xt04BX78qZRPQsqTh55H2DrvQCnhjGRZUTvOVBcIWjA4EGZ14uyr4h5/FKtZg==",
        "dependencies": {
          "Fhir.Metrics": "1.3.1",
          "Newtonsoft.Json": "13.0.4",
          "System.ComponentModel.Annotations": "5.0.0"
        }
      },
      "Hl7.Fhir.Conformance": {
        "type": "Transitive",
        "resolved": "5.13.4",
        "contentHash": "Hkp7+2mtPzUAj+OMI3oI6H5LZ9jRG0HHu+gEYFAvzWxc/A5zkY1fdh+yOGr9IPaNlA6/g/UdvG8FwhniD+wrdw==",
        "dependencies": {
          "Hl7.Fhir.Base": "5.13.4"
        }
      },
      "Microsoft.Build.Tasks.Git": {
        "type": "Transitive",
        "resolved": "10.0.301",
        "contentHash": "9Tah8f2BYuXlff9nIsJAeQJcqnijJTXNraIcTOF2f/f9kLmg0HNWPlMemnD6FBLd/UQcE0s9Vze2zCkA6nrZAA==",
        "dependencies": {
          "System.IO.Hashing": "10.0.10"
        }
      },
      "Microsoft.SourceLink.Common": {
        "type": "Transitive",
        "resolved": "10.0.301",
        "contentHash": "oz44EclJdAYVZcRb9dSbWd+6RaE+8a4j5zdE+O7yw5qPRZZhu3pcpDZ/Moy6pLeIXZqBP1FMd8CSE0sgJAGV0g=="
      },
      "Newtonsoft.Json": {
        "type": "Transitive",
        "resolved": "13.0.4",
        "contentHash": "pdgNNMai3zv51W5aq268sujXUyx7SNdE2bj1wZcWjAQrKMFZV260lbqYop1d2GM67JI1huLRwxo9ZqnfF/lC6A=="
      },
      "System.ComponentModel.Annotations": {
        "type": "Transitive",
        "resolved": "5.0.0",
        "contentHash": "dMkqfy2el8A8/I76n2Hi1oBFEbG1SfxD2l5nhwXV3XjlnOmwxJlQbYpJH4W51odnU9sARCSAgv7S3CyAFMkpYg=="
      },
      "System.IO.Hashing": {
        "type": "Transitive",
        "resolved": "10.0.10",
        "contentHash": "eE839zyWZD/UBZYzP2lu9fhHX6RWe63/jz3Jxf+JumzO/db+Vc2s7CMiDwxk9ti2NTUft2tdRx31Rw2OjKbecA=="
      },
      "fhirparametersgenerator.attributes": {
        "type": "Project"
      }
    }
  }
}
